
Microsoft Visual Studio Solution File, Format Version 12.00
# Visual Studio 2012
Project("{FAE04EC0-301F-11D3-BF4B-00C04F79EFBC}") = "Rationals", "Rationals\Rationals.csproj", "{7280AC0D-A301-4313-92A1-4B6088981C3D}"
EndProject
Global
	GlobalSection(SolutionConfigurationPlatforms) = preSolution
		Debug|Any CPU = Debug|Any CPU
		Release|Any CPU = Release|Any CPU
	EndGlobalSection
	GlobalSection(ProjectConfigurationPlatforms) = postSolution
		{7280AC0D-A301-4313-92A1-4B6088981C3D}.Debug|Any CPU.ActiveCfg = Debug|Any CPU
		{7280AC0D-A301-4313-92A1-4B6088981C3D}.Debug|Any CPU.Build.0 = Debug|Any CPU
		{7280AC0D-A301-4313-92A1-4B6088981C3D}.Release|Any CPU.ActiveCfg = Release|Any CPU
		{7280AC0D-A301-4313-92A1-4B6088981C3D}.Release|Any CPU.Build.0 = Release|Any CPU
	EndGlobalSection
	GlobalSection(SolutionProperties) = preSolution
		HideSolutionNode = FALSE
	EndGlobalSection
EndGlobal
